Microsoft Visual Studio Solution File, Format Version 12.00
# Visual Studio Version 17
VisualStudioVersion = 17.14.36705.20
MinimumVisualStudioVersion = 10.0.40219.1
Project("{FAE04EC0-301F-11D3-BF4B-00C04F79EFBC}") = "AIMockInterviewer.API", "AIMockInterviewer.API\AIMockInterviewer.API.csproj", "{89CC5565-B291-451F-812C-89467E98762C}"
EndProject
Global
	GlobalSection(SolutionConfigurationPlatforms) = preSolution
		Debug|Any CPU = Debug|Any CPU
		Release|Any CPU = Release|Any CPU
	EndGlobalSection
	GlobalSection(ProjectConfigurationPlatforms) = postSolution
		{89CC5565-B291-451F-812C-89467E98762C}.Debug|Any CPU.ActiveCfg = Debug|Any CPU
		{89CC5565-B291-451F-812C-89467E98762C}.Debug|Any CPU.Build.0 = Debug|Any CPU
		{89CC5565-B291-451F-812C-89467E98762C}.Release|Any CPU.ActiveCfg = Release|Any CPU
		{89CC5565-B291-451F-812C-89467E98762C}.Release|Any CPU.Build.0 = Release|Any CPU
	EndGlobalSection
	GlobalSection(SolutionProperties) = preSolution
		HideSolutionNode = FALSE
	EndGlobalSection
	GlobalSection(ExtensibilityGlobals) = postSolution
		SolutionGuid = {F50F43CD-D2EE-4885-9D71-E9B57CD38C30}
	EndGlobalSection
EndGlobal
